// !$*UTF8*$!
{
	archiveVersion = 1;
	classes = {
	};
	objectVersion = 56;
	objects = {

/* Begin PBXBuildFile section */
		5A5FA6D0294E0D81008DD4A2 /* RecordManager.swift in Sources */ = {isa = PBXBuildFile; fileRef = 5A5FA6CF294E0D81008DD4A2 /* RecordManager.swift */; };
		5A5FA6D3294E106E008DD4A2 /* RecordTabComponent.swift in Sources */ = {isa = PBXBuildFile; fileRef = 5A5FA6D2294E106D008DD4A2 /* RecordTabComponent.swift */; };
		5A5FA6D5294E26A5008DD4A2 /* AudioManager.swift in Sources */ = {isa = PBXBuildFile; fileRef = 5A5FA6D4294E26A5008DD4A2 /* AudioManager.swift */; };
		5A5FA6D7294E27ED008DD4A2 /* AudioPreviewView.swift in Sources */ = {isa = PBXBuildFile; fileRef = 5A5FA6D6294E27ED008DD4A2 /* AudioPreviewView.swift */; };
		5A5FA6D9294E3BD3008DD4A2 /* AudioBufferService.swift in Sources */ = {isa = PBXBuildFile; fileRef = 5A5FA6D8294E3BD3008DD4A2 /* AudioBufferService.swift */; };
		5A5FA6DC295051B1008DD4A2 /* VoiceAudioModel.swift in Sources */ = {isa = PBXBuildFile; fileRef = 5A5FA6DB295051B1008DD4A2 /* VoiceAudioModel.swift */; };
		5A5FA6DE295051F2008DD4A2 /* Int.swift in Sources */ = {isa = PBXBuildFile; fileRef = 5A5FA6DD295051F2008DD4A2 /* Int.swift */; };
		5A5FA6E129507029008DD4A2 /* MessageAudio.swift in Sources */ = {isa = PBXBuildFile; fileRef = 5A5FA6E029507029008DD4A2 /* MessageAudio.swift */; };
		5A5FA6E52950773F008DD4A2 /* PinnedMessageView.swift in Sources */ = {isa = PBXBuildFile; fileRef = 5A5FA6E42950773F008DD4A2 /* PinnedMessageView.swift */; };
		5A5FA6E82950827B008DD4A2 /* UIApplication.swift in Sources */ = {isa = PBXBuildFile; fileRef = 5A5FA6E72950827B008DD4A2 /* UIApplication.swift */; };
		5A5FA6EA2950A3D0008DD4A2 /* AvAudioSessionManager.swift in Sources */ = {isa = PBXBuildFile; fileRef = 5A5FA6E92950A3D0008DD4A2 /* AvAudioSessionManager.swift */; };
		5A5FA6EC2950B556008DD4A2 /* ActiveBarMessageComponent.swift in Sources */ = {isa = PBXBuildFile; fileRef = 5A5FA6EB2950B556008DD4A2 /* ActiveBarMessageComponent.swift */; };
		5A5FA6EE2950B8FD008DD4A2 /* CurrentAudioTopBarComponent.swift in Sources */ = {isa = PBXBuildFile; fileRef = 5A5FA6ED2950B8FD008DD4A2 /* CurrentAudioTopBarComponent.swift */; };
		5A5FA6F02951A208008DD4A2 /* MainBarButtonView.swift in Sources */ = {isa = PBXBuildFile; fileRef = 5A5FA6EF2951A208008DD4A2 /* MainBarButtonView.swift */; };
		5A5FA6F22951FC5F008DD4A2 /* CameraPreviewView.swift in Sources */ = {isa = PBXBuildFile; fileRef = 5A5FA6F12951FC5F008DD4A2 /* CameraPreviewView.swift */; };
		5A5FA6F42951FCCF008DD4A2 /* CameraManager.swift in Sources */ = {isa = PBXBuildFile; fileRef = 5A5FA6F32951FCCF008DD4A2 /* CameraManager.swift */; };
		5A5FA70129531DC4008DD4A2 /* CircleCameraRecorderView.swift in Sources */ = {isa = PBXBuildFile; fileRef = 5A5FA70029531DC4008DD4A2 /* CircleCameraRecorderView.swift */; };
		5A5FA70429532B02008DD4A2 /* CircleProgressBar.swift in Sources */ = {isa = PBXBuildFile; fileRef = 5A5FA70329532B02008DD4A2 /* CircleProgressBar.swift */; };
		5A93B3EB297AA70C0082EC42 /* ChatModel.swift in Sources */ = {isa = PBXBuildFile; fileRef = 5A93B3EA297AA70C0082EC42 /* ChatModel.swift */; };
		5A93B3ED297AAAFC0082EC42 /* ChatView.swift in Sources */ = {isa = PBXBuildFile; fileRef = 5A93B3EC297AAAFC0082EC42 /* ChatView.swift */; };
		5A93B3F0297AAB5C0082EC42 /* Mocks.swift in Sources */ = {isa = PBXBuildFile; fileRef = 5A93B3EF297AAB5C0082EC42 /* Mocks.swift */; };
		5A93B3F3297AB0330082EC42 /* ChatViewModel.swift in Sources */ = {isa = PBXBuildFile; fileRef = 5A93B3F2297AB0330082EC42 /* ChatViewModel.swift */; };
		5A93B3F5297AB3580082EC42 /* ChatRowView.swift in Sources */ = {isa = PBXBuildFile; fileRef = 5A93B3F4297AB3580082EC42 /* ChatRowView.swift */; };
		5A93B3F8297ADBD50082EC42 /* DialogBodyView.swift in Sources */ = {isa = PBXBuildFile; fileRef = 5A93B3F7297ADBD50082EC42 /* DialogBodyView.swift */; };
		5A93B3FB297AE09A0082EC42 /* DialogContextMenuPreview.swift in Sources */ = {isa = PBXBuildFile; fileRef = 5A93B3FA297AE09A0082EC42 /* DialogContextMenuPreview.swift */; };
		5AB9276B295484DA0011287D /* CameraPreviewFrame.swift in Sources */ = {isa = PBXBuildFile; fileRef = 5AB9276A295484DA0011287D /* CameraPreviewFrame.swift */; };
		5AB9276D2954BF1D0011287D /* RecordButton.swift in Sources */ = {isa = PBXBuildFile; fileRef = 5AB9276C2954BF1D0011287D /* RecordButton.swift */; };
		5ABC31F5294C838700559B90 /* SimpleChatApp.swift in Sources */ = {isa = PBXBuildFile; fileRef = 5ABC31F4294C838700559B90 /* SimpleChatApp.swift */; };
		5ABC31F7294C838700559B90 /* ContentView.swift in Sources */ = {isa = PBXBuildFile; fileRef = 5ABC31F6294C838700559B90 /* ContentView.swift */; };
		5ABC31F9294C838900559B90 /* Assets.xcassets in Resources */ = {isa = PBXBuildFile; fileRef = 5ABC31F8294C838900559B90 /* Assets.xcassets */; };
		5ABC31FC294C838900559B90 /* Preview Assets.xcassets in Resources */ = {isa = PBXBuildFile; fileRef = 5ABC31FB294C838900559B90 /* Preview Assets.xcassets */; };
		5ABC3207294C83BA00559B90 /* Message.swift in Sources */ = {isa = PBXBuildFile; fileRef = 5ABC3206294C83BA00559B90 /* Message.swift */; };
		5ABC3209294C83CE00559B90 /* MessageView.swift in Sources */ = {isa = PBXBuildFile; fileRef = 5ABC3208294C83CE00559B90 /* MessageView.swift */; };
		5ABC320C294C83F100559B90 /* Date.swift in Sources */ = {isa = PBXBuildFile; fileRef = 5ABC320B294C83F100559B90 /* Date.swift */; };
		5ABC320E294C841400559B90 /* ReversedScrollView.swift in Sources */ = {isa = PBXBuildFile; fileRef = 5ABC320D294C841400559B90 /* ReversedScrollView.swift */; };
		5ABC3210294C842E00559B90 /* View.swift in Sources */ = {isa = PBXBuildFile; fileRef = 5ABC320F294C842E00559B90 /* View.swift */; };
		5ABC3212294C847000559B90 /* DialogViewModel.swift in Sources */ = {isa = PBXBuildFile; fileRef = 5ABC3211294C847000559B90 /* DialogViewModel.swift */; };
		5ABC3214294C850F00559B90 /* DialogView.swift in Sources */ = {isa = PBXBuildFile; fileRef = 5ABC3213294C850F00559B90 /* DialogView.swift */; };
		5ABC3217294C992800559B90 /* OnDelete.swift in Sources */ = {isa = PBXBuildFile; fileRef = 5ABC3216294C992800559B90 /* OnDelete.swift */; };
		5ACCEBD02955AE7D00711DB6 /* VideoPlayer in Frameworks */ = {isa = PBXBuildFile; productRef = 5ACCEBCF2955AE7D00711DB6 /* VideoPlayer */; };
		5ACCEBD22955AEA900711DB6 /* VideoMessageView.swift in Sources */ = {isa = PBXBuildFile; fileRef = 5ACCEBD12955AEA900711DB6 /* VideoMessageView.swift */; };
		5ACCEBD42955B15C00711DB6 /* MessageVideo.swift in Sources */ = {isa = PBXBuildFile; fileRef = 5ACCEBD32955B15C00711DB6 /* MessageVideo.swift */; };
		5ACCEBD82955EED500711DB6 /* VideoPinViewModel.swift in Sources */ = {isa = PBXBuildFile; fileRef = 5ACCEBD72955EED500711DB6 /* VideoPinViewModel.swift */; };
		5ACCEBDA2955FF8600711DB6 /* PinVideoMessageView.swift in Sources */ = {isa = PBXBuildFile; fileRef = 5ACCEBD92955FF8600711DB6 /* PinVideoMessageView.swift */; };
/* End PBXBuildFile section */

/* Begin PBXFileReference section */
		5A5FA6CF294E0D81008DD4A2 /* RecordManager.swift */ = {isa = PBXFileReference; lastKnownFileType = sourcecode.swift; path = RecordManager.swift; sourceTree = "<group>"; };
		5A5FA6D2294E106D008DD4A2 /* RecordTabComponent.swift */ = {isa = PBXFileReference; lastKnownFileType = sourcecode.swift; path = RecordTabComponent.swift; sourceTree = "<group>"; };
		5A5FA6D4294E26A5008DD4A2 /* AudioManager.swift */ = {isa = PBXFileReference; lastKnownFileType = sourcecode.swift; path = AudioManager.swift; sourceTree = "<group>"; };
		5A5FA6D6294E27ED008DD4A2 /* AudioPreviewView.swift */ = {isa = PBXFileReference; lastKnownFileType = sourcecode.swift; path = AudioPreviewView.swift; sourceTree = "<group>"; };
		5A5FA6D8294E3BD3008DD4A2 /* AudioBufferService.swift */ = {isa = PBXFileReference; lastKnownFileType = sourcecode.swift; path = AudioBufferService.swift; sourceTree = "<group>"; };
		5A5FA6DB295051B1008DD4A2 /* VoiceAudioModel.swift */ = {isa = PBXFileReference; lastKnownFileType = sourcecode.swift; path = VoiceAudioModel.swift; sourceTree = "<group>"; };
		5A5FA6DD295051F2008DD4A2 /* Int.swift */ = {isa = PBXFileReference; lastKnownFileType = sourcecode.swift; path = Int.swift; sourceTree = "<group>"; };
		5A5FA6DF29505B4F008DD4A2 /* Info.plist */ = {isa = PBXFileReference; lastKnownFileType = text.plist; path = Info.plist; sourceTree = "<group>"; };
		5A5FA6E029507029008DD4A2 /* MessageAudio.swift */ = {isa = PBXFileReference; lastKnownFileType = sourcecode.swift; path = MessageAudio.swift; sourceTree = "<group>"; };
		5A5FA6E42950773F008DD4A2 /* PinnedMessageView.swift */ = {isa = PBXFileReference; lastKnownFileType = sourcecode.swift; path = PinnedMessageView.swift; sourceTree = "<group>"; };
		5A5FA6E72950827B008DD4A2 /* UIApplication.swift */ = {isa = PBXFileReference; lastKnownFileType = sourcecode.swift; path = UIApplication.swift; sourceTree = "<group>"; };
		5A5FA6E92950A3D0008DD4A2 /* AvAudioSessionManager.swift */ = {isa = PBXFileReference; lastKnownFileType = sourcecode.swift; path = AvAudioSessionManager.swift; sourceTree = "<group>"; };
		5A5FA6EB2950B556008DD4A2 /* ActiveBarMessageComponent.swift */ = {isa = PBXFileReference; lastKnownFileType = sourcecode.swift; path = ActiveBarMessageComponent.swift; sourceTree = "<group>"; };
		5A5FA6ED2950B8FD008DD4A2 /* CurrentAudioTopBarComponent.swift */ = {isa = PBXFileReference; lastKnownFileType = sourcecode.swift; path = CurrentAudioTopBarComponent.swift; sourceTree = "<group>"; };
		5A5FA6EF2951A208008DD4A2 /* MainBarButtonView.swift */ = {isa = PBXFileReference; lastKnownFileType = sourcecode.swift; path = MainBarButtonView.swift; sourceTree = "<group>"; };
		5A5FA6F12951FC5F008DD4A2 /* CameraPreviewView.swift */ = {isa = PBXFileReference; lastKnownFileType = sourcecode.swift; path = CameraPreviewView.swift; sourceTree = "<group>"; };
		5A5FA6F32951FCCF008DD4A2 /* CameraManager.swift */ = {isa = PBXFileReference; lastKnownFileType = sourcecode.swift; path = CameraManager.swift; sourceTree = "<group>"; };
		5A5FA70029531DC4008DD4A2 /* CircleCameraRecorderView.swift */ = {isa = PBXFileReference; lastKnownFileType = sourcecode.swift; path = CircleCameraRecorderView.swift; sourceTree = "<group>"; };
		5A5FA70329532B02008DD4A2 /* CircleProgressBar.swift */ = {isa = PBXFileReference; lastKnownFileType = sourcecode.swift; path = CircleProgressBar.swift; sourceTree = "<group>"; };
		5A93B3EA297AA70C0082EC42 /* ChatModel.swift */ = {isa = PBXFileReference; lastKnownFileType = sourcecode.swift; path = ChatModel.swift; sourceTree = "<group>"; };
		5A93B3EC297AAAFC0082EC42 /* ChatView.swift */ = {isa = PBXFileReference; lastKnownFileType = sourcecode.swift; path = ChatView.swift; sourceTree = "<group>"; };
		5A93B3EF297AAB5C0082EC42 /* Mocks.swift */ = {isa = PBXFileReference; lastKnownFileType = sourcecode.swift; path = Mocks.swift; sourceTree = "<group>"; };
		5A93B3F2297AB0330082EC42 /* ChatViewModel.swift */ = {isa = PBXFileReference; lastKnownFileType = sourcecode.swift; path = ChatViewModel.swift; sourceTree = "<group>"; };
		5A93B3F4297AB3580082EC42 /* ChatRowView.swift */ = {isa = PBXFileReference; lastKnownFileType = sourcecode.swift; path = ChatRowView.swift; sourceTree = "<group>"; };
		5A93B3F7297ADBD50082EC42 /* DialogBodyView.swift */ = {isa = PBXFileReference; lastKnownFileType = sourcecode.swift; path = DialogBodyView.swift; sourceTree = "<group>"; };
		5A93B3FA297AE09A0082EC42 /* DialogContextMenuPreview.swift */ = {isa = PBXFileReference; lastKnownFileType = sourcecode.swift; path = DialogContextMenuPreview.swift; sourceTree = "<group>"; };
		5AB9276A295484DA0011287D /* CameraPreviewFrame.swift */ = {isa = PBXFileReference; lastKnownFileType = sourcecode.swift; path = CameraPreviewFrame.swift; sourceTree = "<group>"; };
		5AB9276C2954BF1D0011287D /* RecordButton.swift */ = {isa = PBXFileReference; lastKnownFileType = sourcecode.swift; path = RecordButton.swift; sourceTree = "<group>"; };
		5ABC31F1294C838700559B90 /* SimpleChat.app */ = {isa = PBXFileReference; explicitFileType = wrapper.application; includeInIndex = 0; path = SimpleChat.app; sourceTree = BUILT_PRODUCTS_DIR; };
		5ABC31F4294C838700559B90 /* SimpleChatApp.swift */ = {isa = PBXFileReference; lastKnownFileType = sourcecode.swift; path = SimpleChatApp.swift; sourceTree = "<group>"; };
		5ABC31F6294C838700559B90 /* ContentView.swift */ = {isa = PBXFileReference; lastKnownFileType = sourcecode.swift; path = ContentView.swift; sourceTree = "<group>"; };
		5ABC31F8294C838900559B90 /* Assets.xcassets */ = {isa = PBXFileReference; lastKnownFileType = folder.assetcatalog; path = Assets.xcassets; sourceTree = "<group>"; };
		5ABC31FB294C838900559B90 /* Preview Assets.xcassets */ = {isa = PBXFileReference; lastKnownFileType = folder.assetcatalog; path = "Preview Assets.xcassets"; sourceTree = "<group>"; };
		5ABC3206294C83BA00559B90 /* Message.swift */ = {isa = PBXFileReference; lastKnownFileType = sourcecode.swift; path = Message.swift; sourceTree = "<group>"; };
		5ABC3208294C83CE00559B90 /* MessageView.swift */ = {isa = PBXFileReference; lastKnownFileType = sourcecode.swift; path = MessageView.swift; sourceTree = "<group>"; };
		5ABC320B294C83F100559B90 /* Date.swift */ = {isa = PBXFileReference; lastKnownFileType = sourcecode.swift; path = Date.swift; sourceTree = "<group>"; };
		5ABC320D294C841400559B90 /* ReversedScrollView.swift */ = {isa = PBXFileReference; lastKnownFileType = sourcecode.swift; path = ReversedScrollView.swift; sourceTree = "<group>"; };
		5ABC320F294C842E00559B90 /* View.swift */ = {isa = PBXFileReference; lastKnownFileType = sourcecode.swift; path = View.swift; sourceTree = "<group>"; };
		5ABC3211294C847000559B90 /* DialogViewModel.swift */ = {isa = PBXFileReference; lastKnownFileType = sourcecode.swift; path = DialogViewModel.swift; sourceTree = "<group>"; };
		5ABC3213294C850F00559B90 /* DialogView.swift */ = {isa = PBXFileReference; lastKnownFileType = sourcecode.swift; path = DialogView.swift; sourceTree = "<group>"; };
		5ABC3216294C992800559B90 /* OnDelete.swift */ = {isa = PBXFileReference; lastKnownFileType = sourcecode.swift; path = OnDelete.swift; sourceTree = "<group>"; };
		5ACCEBD12955AEA900711DB6 /* VideoMessageView.swift */ = {isa = PBXFileReference; lastKnownFileType = sourcecode.swift; path = VideoMessageView.swift; sourceTree = "<group>"; };
		5ACCEBD32955B15C00711DB6 /* MessageVideo.swift */ = {isa = PBXFileReference; lastKnownFileType = sourcecode.swift; path = MessageVideo.swift; sourceTree = "<group>"; };
		5ACCEBD72955EED500711DB6 /* VideoPinViewModel.swift */ = {isa = PBXFileReference; lastKnownFileType = sourcecode.swift; path = VideoPinViewModel.swift; sourceTree = "<group>"; };
		5ACCEBD92955FF8600711DB6 /* PinVideoMessageView.swift */ = {isa = PBXFileReference; lastKnownFileType = sourcecode.swift; path = PinVideoMessageView.swift; sourceTree = "<group>"; };
/* End PBXFileReference section */

/* Begin PBXFrameworksBuildPhase section */
		5ABC31EE294C838700559B90 /* Frameworks */ = {
			isa = PBXFrameworksBuildPhase;
			buildActionMask = 2147483647;
			files = (
				5ACCEBD02955AE7D00711DB6 /* VideoPlayer in Frameworks */,
			);
			runOnlyForDeploymentPostprocessing = 0;
		};
/* End PBXFrameworksBuildPhase section */

/* Begin PBXGroup section */
		5A5FA6CC294E09C8008DD4A2 /* Services */ = {
			isa = PBXGroup;
			children = (
				5ACCEBD62955EEC800711DB6 /* Video */,
				5ACCEBD52955EEB000711DB6 /* Audio */,
			);
			path = Services;
			sourceTree = "<group>";
		};
		5A5FA6D1294E104C008DD4A2 /* Components */ = {
			isa = PBXGroup;
			children = (
				5A5FA70229532AEF008DD4A2 /* ProgressBar */,
				5A5FA6FA29531BB5008DD4A2 /* Camera */,
				5ABC320D294C841400559B90 /* ReversedScrollView.swift */,
			);
			path = Components;
			sourceTree = "<group>";
		};
		5A5FA6E2295076F5008DD4A2 /* Dialog */ = {
			isa = PBXGroup;
			children = (
				5ABC3213294C850F00559B90 /* DialogView.swift */,
				5A93B3F7297ADBD50082EC42 /* DialogBodyView.swift */,
				5A5FA6E32950771C008DD4A2 /* SubViews */,
			);
			path = Dialog;
			sourceTree = "<group>";
		};
		5A5FA6E32950771C008DD4A2 /* SubViews */ = {
			isa = PBXGroup;
			children = (
				5A5FA6FD29531C18008DD4A2 /* VoiceMessage */,
				5A5FA6FC29531BF4008DD4A2 /* BarView */,
				5A5FA6FB29531BE6008DD4A2 /* VideoMessage */,
				5A5FA6E629507866008DD4A2 /* Message */,
			);
			path = SubViews;
			sourceTree = "<group>";
		};
		5A5FA6E629507866008DD4A2 /* Message */ = {
			isa = PBXGroup;
			children = (
				5ABC3208294C83CE00559B90 /* MessageView.swift */,
				5A5FA6E42950773F008DD4A2 /* PinnedMessageView.swift */,
				5A5FA6EB2950B556008DD4A2 /* ActiveBarMessageComponent.swift */,
				5A5FA6ED2950B8FD008DD4A2 /* CurrentAudioTopBarComponent.swift */,
			);
			path = Message;
			sourceTree = "<group>";
		};
		5A5FA6FA29531BB5008DD4A2 /* Camera */ = {
			isa = PBXGroup;
			children = (
				5A5FA6F12951FC5F008DD4A2 /* CameraPreviewView.swift */,
				5AB9276A295484DA0011287D /* CameraPreviewFrame.swift */,
			);
			path = Camera;
			sourceTree = "<group>";
		};
		5A5FA6FB29531BE6008DD4A2 /* VideoMessage */ = {
			isa = PBXGroup;
			children = (
				5A5FA70029531DC4008DD4A2 /* CircleCameraRecorderView.swift */,
				5ACCEBD12955AEA900711DB6 /* VideoMessageView.swift */,
				5ACCEBD92955FF8600711DB6 /* PinVideoMessageView.swift */,
			);
			path = VideoMessage;
			sourceTree = "<group>";
		};
		5A5FA6FC29531BF4008DD4A2 /* BarView */ = {
			isa = PBXGroup;
			children = (
				5A5FA6D2294E106D008DD4A2 /* RecordTabComponent.swift */,
				5A5FA6EF2951A208008DD4A2 /* MainBarButtonView.swift */,
				5AB9276C2954BF1D0011287D /* RecordButton.swift */,
			);
			path = BarView;
			sourceTree = "<group>";
		};
		5A5FA6FD29531C18008DD4A2 /* VoiceMessage */ = {
			isa = PBXGroup;
			children = (
				5A5FA6D6294E27ED008DD4A2 /* AudioPreviewView.swift */,
			);
			path = VoiceMessage;
			sourceTree = "<group>";
		};
		5A5FA70229532AEF008DD4A2 /* ProgressBar */ = {
			isa = PBXGroup;
			children = (
				5A5FA70329532B02008DD4A2 /* CircleProgressBar.swift */,
			);
			path = ProgressBar;
			sourceTree = "<group>";
		};
		5A93B3E6297AA6680082EC42 /* Chats */ = {
			isa = PBXGroup;
			children = (
				5A93B3EC297AAAFC0082EC42 /* ChatView.swift */,
				5A93B3F9297AE0610082EC42 /* SubView */,
			);
			path = Chats;
			sourceTree = "<group>";
		};
		5A93B3E7297AA6E60082EC42 /* Message */ = {
			isa = PBXGroup;
			children = (
				5ABC3206294C83BA00559B90 /* Message.swift */,
				5A5FA6DB295051B1008DD4A2 /* VoiceAudioModel.swift */,
				5A5FA6E029507029008DD4A2 /* MessageAudio.swift */,
				5ACCEBD32955B15C00711DB6 /* MessageVideo.swift */,
			);
			path = Message;
			sourceTree = "<group>";
		};
		5A93B3E9297AA6FE0082EC42 /* Chat */ = {
			isa = PBXGroup;
			children = (
				5A93B3EA297AA70C0082EC42 /* ChatModel.swift */,
			);
			path = Chat;
			sourceTree = "<group>";
		};
		5A93B3EE297AAB4D0082EC42 /* Mocks */ = {
			isa = PBXGroup;
			children = (
				5A93B3EF297AAB5C0082EC42 /* Mocks.swift */,
			);
			path = Mocks;
			sourceTree = "<group>";
		};
		5A93B3F9297AE0610082EC42 /* SubView */ = {
			isa = PBXGroup;
			children = (
				5A93B3F4297AB3580082EC42 /* ChatRowView.swift */,
				5A93B3FA297AE09A0082EC42 /* DialogContextMenuPreview.swift */,
			);
			path = SubView;
			sourceTree = "<group>";
		};
		5ABC31E8294C838700559B90 = {
			isa = PBXGroup;
			children = (
				5ABC31F3294C838700559B90 /* SimpleChat */,
				5ABC31F2294C838700559B90 /* Products */,
			);
			sourceTree = "<group>";
		};
		5ABC31F2294C838700559B90 /* Products */ = {
			isa = PBXGroup;
			children = (
				5ABC31F1294C838700559B90 /* SimpleChat.app */,
			);
			name = Products;
			sourceTree = "<group>";
		};
		5ABC31F3294C838700559B90 /* SimpleChat */ = {
			isa = PBXGroup;
			children = (
				5A5FA6DF29505B4F008DD4A2 /* Info.plist */,
				5A5FA6CC294E09C8008DD4A2 /* Services */,
				5ABC3215294C991300559B90 /* ViewModifiers */,
				5ABC3205294C83A500559B90 /* Model */,
				5ABC3204294C83A100559B90 /* ViewModel */,
				5ABC3203294C839D00559B90 /* View */,
				5ABC3202294C839800559B90 /* Utils */,
				5ABC31F4294C838700559B90 /* SimpleChatApp.swift */,
				5ABC31F6294C838700559B90 /* ContentView.swift */,
				5ABC31F8294C838900559B90 /* Assets.xcassets */,
				5ABC31FA294C838900559B90 /* Preview Content */,
			);
			path = SimpleChat;
			sourceTree = "<group>";
		};
		5ABC31FA294C838900559B90 /* Preview Content */ = {
			isa = PBXGroup;
			children = (
				5ABC31FB294C838900559B90 /* Preview Assets.xcassets */,
			);
			path = "Preview Content";
			sourceTree = "<group>";
		};
		5ABC3202294C839800559B90 /* Utils */ = {
			isa = PBXGroup;
			children = (
				5A93B3EE297AAB4D0082EC42 /* Mocks */,
				5ABC320A294C83E700559B90 /* Extansions */,
			);
			path = Utils;
			sourceTree = "<group>";
		};
		5ABC3203294C839D00559B90 /* View */ = {
			isa = PBXGroup;
			children = (
				5A93B3E6297AA6680082EC42 /* Chats */,
				5A5FA6E2295076F5008DD4A2 /* Dialog */,
				5A5FA6D1294E104C008DD4A2 /* Components */,
			);
			path = View;
			sourceTree = "<group>";
		};
		5ABC3204294C83A100559B90 /* ViewModel */ = {
			isa = PBXGroup;
			children = (
				5ABC3211294C847000559B90 /* DialogViewModel.swift */,
				5A93B3F2297AB0330082EC42 /* ChatViewModel.swift */,
			);
			path = ViewModel;
			sourceTree = "<group>";
		};
		5ABC3205294C83A500559B90 /* Model */ = {
			isa = PBXGroup;
			children = (
				5A93B3E9297AA6FE0082EC42 /* Chat */,
				5A93B3E7297AA6E60082EC42 /* Message */,
			);
			path = Model;
			sourceTree = "<group>";
		};
		5ABC320A294C83E700559B90 /* Extansions */ = {
			isa = PBXGroup;
			children = (
				5ABC320B294C83F100559B90 /* Date.swift */,
				5ABC320F294C842E00559B90 /* View.swift */,
				5A5FA6DD295051F2008DD4A2 /* Int.swift */,
				5A5FA6E72950827B008DD4A2 /* UIApplication.swift */,
			);
			path = Extansions;
			sourceTree = "<group>";
		};
		5ABC3215294C991300559B90 /* ViewModifiers */ = {
			isa = PBXGroup;
			children = (
				5ABC3216294C992800559B90 /* OnDelete.swift */,
			);
			path = ViewModifiers;
			sourceTree = "<group>";
		};
		5ACCEBD52955EEB000711DB6 /* Audio */ = {
			isa = PBXGroup;
			children = (
				5A5FA6E92950A3D0008DD4A2 /* AvAudioSessionManager.swift */,
				5A5FA6D8294E3BD3008DD4A2 /* AudioBufferService.swift */,
				5A5FA6D4294E26A5008DD4A2 /* AudioManager.swift */,
				5A5FA6CF294E0D81008DD4A2 /* RecordManager.swift */,
			);
			path = Audio;
			sourceTree = "<group>";
		};
		5ACCEBD62955EEC800711DB6 /* Video */ = {
			isa = PBXGroup;
			children = (
				5A5FA6F32951FCCF008DD4A2 /* CameraManager.swift */,
				5ACCEBD72955EED500711DB6 /* VideoPinViewModel.swift */,
			);
			path = Video;
			sourceTree = "<group>";
		};
/* End PBXGroup section */

/* Begin PBXNativeTarget section */
		5ABC31F0294C838700559B90 /* SimpleChat */ = {
			isa = PBXNativeTarget;
			buildConfigurationList = 5ABC31FF294C838900559B90 /* Build configuration list for PBXNativeTarget "SimpleChat" */;
			buildPhases = (
				5ABC31ED294C838700559B90 /* Sources */,
				5ABC31EE294C838700559B90 /* Frameworks */,
				5ABC31EF294C838700559B90 /* Resources */,
			);
			buildRules = (
			);
			dependencies = (
			);
			name = SimpleChat;
			packageProductDependencies = (
				5ACCEBCF2955AE7D00711DB6 /* VideoPlayer */,
			);
			productName = SimpleChat;
			productReference = 5ABC31F1294C838700559B90 /* SimpleChat.app */;
			productType = "com.apple.product-type.application";
		};
/* End PBXNativeTarget section */

/* Begin PBXProject section */
		5ABC31E9294C838700559B90 /* Project object */ = {
			isa = PBXProject;
			attributes = {
				BuildIndependentTargetsInParallel = 1;
				LastSwiftUpdateCheck = 1410;
				LastUpgradeCheck = 1410;
				TargetAttributes = {
					5ABC31F0294C838700559B90 = {
						CreatedOnToolsVersion = 14.1;
					};
				};
			};
			buildConfigurationList = 5ABC31EC294C838700559B90 /* Build configuration list for PBXProject "SimpleChat" */;
			compatibilityVersion = "Xcode 14.0";
			developmentRegion = en;
			hasScannedForEncodings = 0;
			knownRegions = (
				en,
				Base,
			);
			mainGroup = 5ABC31E8294C838700559B90;
			packageReferences = (
				5ACCEBCE2955AE7D00711DB6 /* XCRemoteSwiftPackageReference "VideoPlayer" */,
			);
			productRefGroup = 5ABC31F2294C838700559B90 /* Products */;
			projectDirPath = "";
			projectRoot = "";
			targets = (
				5ABC31F0294C838700559B90 /* SimpleChat */,
			);
		};
/* End PBXProject section */

/* Begin PBXResourcesBuildPhase section */
		5ABC31EF294C838700559B90 /* Resources */ = {
			isa = PBXResourcesBuildPhase;
			buildActionMask = 2147483647;
			files = (
				5ABC31FC294C838900559B90 /* Preview Assets.xcassets in Resources */,
				5ABC31F9294C838900559B90 /* Assets.xcassets in Resources */,
			);
			runOnlyForDeploymentPostprocessing = 0;
		};
/* End PBXResourcesBuildPhase section */

/* Begin PBXSourcesBuildPhase section */
		5ABC31ED294C838700559B90 /* Sources */ = {
			isa = PBXSourcesBuildPhase;
			buildActionMask = 2147483647;
			files = (
				5A5FA6D9294E3BD3008DD4A2 /* AudioBufferService.swift in Sources */,
				5ABC3209294C83CE00559B90 /* MessageView.swift in Sources */,
				5A5FA6D5294E26A5008DD4A2 /* AudioManager.swift in Sources */,
				5A5FA70429532B02008DD4A2 /* CircleProgressBar.swift in Sources */,
				5A93B3ED297AAAFC0082EC42 /* ChatView.swift in Sources */,
				5ABC320C294C83F100559B90 /* Date.swift in Sources */,
				5A5FA6F02951A208008DD4A2 /* MainBarButtonView.swift in Sources */,
				5A5FA6EE2950B8FD008DD4A2 /* CurrentAudioTopBarComponent.swift in Sources */,
				5ABC3207294C83BA00559B90 /* Message.swift in Sources */,
				5A93B3F0297AAB5C0082EC42 /* Mocks.swift in Sources */,
				5ACCEBD22955AEA900711DB6 /* VideoMessageView.swift in Sources */,
				5A5FA6F42951FCCF008DD4A2 /* CameraManager.swift in Sources */,
				5A5FA6D3294E106E008DD4A2 /* RecordTabComponent.swift in Sources */,
				5ABC320E294C841400559B90 /* ReversedScrollView.swift in Sources */,
				5ABC3214294C850F00559B90 /* DialogView.swift in Sources */,
				5A5FA6DC295051B1008DD4A2 /* VoiceAudioModel.swift in Sources */,
				5A93B3F8297ADBD50082EC42 /* DialogBodyView.swift in Sources */,
				5A5FA6D0294E0D81008DD4A2 /* RecordManager.swift in Sources */,
				5A5FA6D7294E27ED008DD4A2 /* AudioPreviewView.swift in Sources */,
				5A93B3F5297AB3580082EC42 /* ChatRowView.swift in Sources */,
				5ABC3212294C847000559B90 /* DialogViewModel.swift in Sources */,
				5AB9276B295484DA0011287D /* CameraPreviewFrame.swift in Sources */,
				5A5FA6F22951FC5F008DD4A2 /* CameraPreviewView.swift in Sources */,
				5A5FA6E52950773F008DD4A2 /* PinnedMessageView.swift in Sources */,
				5A5FA6EC2950B556008DD4A2 /* ActiveBarMessageComponent.swift in Sources */,
				5ABC31F7294C838700559B90 /* ContentView.swift in Sources */,
				5ACCEBDA2955FF8600711DB6 /* PinVideoMessageView.swift in Sources */,
				5A93B3EB297AA70C0082EC42 /* ChatModel.swift in Sources */,
				5AB9276D2954BF1D0011287D /* RecordButton.swift in Sources */,
				5A5FA6E82950827B008DD4A2 /* UIApplication.swift in Sources */,
				5ABC3217294C992800559B90 /* OnDelete.swift in Sources */,
				5A5FA6DE295051F2008DD4A2 /* Int.swift in Sources */,
				5A93B3F3297AB0330082EC42 /* ChatViewModel.swift in Sources */,
				5A5FA6EA2950A3D0008DD4A2 /* AvAudioSessionManager.swift in Sources */,
				5ABC3210294C842E00559B90 /* View.swift in Sources */,
				5ABC31F5294C838700559B90 /* SimpleChatApp.swift in Sources */,
				5ACCEBD82955EED500711DB6 /* VideoPinViewModel.swift in Sources */,
				5ACCEBD42955B15C00711DB6 /* MessageVideo.swift in Sources */,
				5A93B3FB297AE09A0082EC42 /* DialogContextMenuPreview.swift in Sources */,
				5A5FA6E129507029008DD4A2 /* MessageAudio.swift in Sources */,
				5A5FA70129531DC4008DD4A2 /* CircleCameraRecorderView.swift in Sources */,
			);
			runOnlyForDeploymentPostprocessing = 0;
		};
/* End PBXSourcesBuildPhase section */

/* Begin XCBuildConfiguration section */
		5ABC31FD294C838900559B90 /* Debug */ = {
			isa = XCBuildConfiguration;
			buildSettings = {
				ALWAYS_SEARCH_USER_PATHS = NO;
				CLANG_ANALYZER_NONNULL = YES;
				CLANG_ANALYZER_NUMBER_OBJECT_CONVERSION = YES_AGGRESSIVE;
				CLANG_CXX_LANGUAGE_STANDARD = "gnu++20";
				CLANG_ENABLE_MODULES = YES;
				CLANG_ENABLE_OBJC_ARC = YES;
				CLANG_ENABLE_OBJC_WEAK = YES;
				CLANG_WARN_BLOCK_CAPTURE_AUTORELEASING = YES;
				CLANG_WARN_BOOL_CONVERSION = YES;
				CLANG_WARN_COMMA = YES;
				CLANG_WARN_CONSTANT_CONVERSION = YES;
				CLANG_WARN_DEPRECATED_OBJC_IMPLEMENTATIONS = YES;
				CLANG_WARN_DIRECT_OBJC_ISA_USAGE = YES_ERROR;
				CLANG_WARN_DOCUMENTATION_COMMENTS = YES;
				CLANG_WARN_EMPTY_BODY = YES;
				CLANG_WARN_ENUM_CONVERSION = YES;
				CLANG_WARN_INFINITE_RECURSION = YES;
				CLANG_WARN_INT_CONVERSION = YES;
				CLANG_WARN_NON_LITERAL_NULL_CONVERSION = YES;
				CLANG_WARN_OBJC_IMPLICIT_RETAIN_SELF = YES;
				CLANG_WARN_OBJC_LITERAL_CONVERSION = YES;
				CLANG_WARN_OBJC_ROOT_CLASS = YES_ERROR;
				CLANG_WARN_QUOTED_INCLUDE_IN_FRAMEWORK_HEADER = YES;
				CLANG_WARN_RANGE_LOOP_ANALYSIS = YES;
				CLANG_WARN_STRICT_PROTOTYPES = YES;
				CLANG_WARN_SUSPICIOUS_MOVE = YES;
				CLANG_WARN_UNGUARDED_AVAILABILITY = YES_AGGRESSIVE;
				CLANG_WARN_UNREACHABLE_CODE = YES;
				CLANG_WARN__DUPLICATE_METHOD_MATCH = YES;
				COPY_PHASE_STRIP = NO;
				DEBUG_INFORMATION_FORMAT = dwarf;
				ENABLE_STRICT_OBJC_MSGSEND = YES;
				ENABLE_TESTABILITY = YES;
				GCC_C_LANGUAGE_STANDARD = gnu11;
				GCC_DYNAMIC_NO_PIC = NO;
				GCC_NO_COMMON_BLOCKS = YES;
				GCC_OPTIMIZATION_LEVEL = 0;
				GCC_PREPROCESSOR_DEFINITIONS = (
					"DEBUG=1",
					"$(inherited)",
				);
				GCC_WARN_64_TO_32_BIT_CONVERSION = YES;
				GCC_WARN_ABOUT_RETURN_TYPE = YES_ERROR;
				GCC_WARN_UNDECLARED_SELECTOR = YES;
				GCC_WARN_UNINITIALIZED_AUTOS = YES_AGGRESSIVE;
				GCC_WARN_UNUSED_FUNCTION = YES;
				GCC_WARN_UNUSED_VARIABLE = YES;
				IPHONEOS_DEPLOYMENT_TARGET = 15.0;
				MTL_ENABLE_DEBUG_INFO = INCLUDE_SOURCE;
				MTL_FAST_MATH = YES;
				ONLY_ACTIVE_ARCH = YES;
				SDKROOT = iphoneos;
				SWIFT_ACTIVE_COMPILATION_CONDITIONS = DEBUG;
				SWIFT_OPTIMIZATION_LEVEL = "-Onone";
			};
			name = Debug;
		};
		5ABC31FE294C838900559B90 /* Release */ = {
			isa = XCBuildConfiguration;
			buildSettings = {
				ALWAYS_SEARCH_USER_PATHS = NO;
				CLANG_ANALYZER_NONNULL = YES;
				CLANG_ANALYZER_NUMBER_OBJECT_CONVERSION = YES_AGGRESSIVE;
				CLANG_CXX_LANGUAGE_STANDARD = "gnu++20";
				CLANG_ENABLE_MODULES = YES;
				CLANG_ENABLE_OBJC_ARC = YES;
				CLANG_ENABLE_OBJC_WEAK = YES;
				CLANG_WARN_BLOCK_CAPTURE_AUTORELEASING = YES;
				CLANG_WARN_BOOL_CONVERSION = YES;
				CLANG_WARN_COMMA = YES;
				CLANG_WARN_CONSTANT_CONVERSION = YES;
				CLANG_WARN_DEPRECATED_OBJC_IMPLEMENTATIONS = YES;
				CLANG_WARN_DIRECT_OBJC_ISA_USAGE = YES_ERROR;
				CLANG_WARN_DOCUMENTATION_COMMENTS = YES;
				CLANG_WARN_EMPTY_BODY = YES;
				CLANG_WARN_ENUM_CONVERSION = YES;
				CLANG_WARN_INFINITE_RECURSION = YES;
				CLANG_WARN_INT_CONVERSION = YES;
				CLANG_WARN_NON_LITERAL_NULL_CONVERSION = YES;
				CLANG_WARN_OBJC_IMPLICIT_RETAIN_SELF = YES;
				CLANG_WARN_OBJC_LITERAL_CONVERSION = YES;
				CLANG_WARN_OBJC_ROOT_CLASS = YES_ERROR;
				CLANG_WARN_QUOTED_INCLUDE_IN_FRAMEWORK_HEADER = YES;
				CLANG_WARN_RANGE_LOOP_ANALYSIS = YES;
				CLANG_WARN_STRICT_PROTOTYPES = YES;
				CLANG_WARN_SUSPICIOUS_MOVE = YES;
				CLANG_WARN_UNGUARDED_AVAILABILITY = YES_AGGRESSIVE;
				CLANG_WARN_UNREACHABLE_CODE = YES;
				CLANG_WARN__DUPLICATE_METHOD_MATCH = YES;
				COPY_PHASE_STRIP = NO;
				DEBUG_INFORMATION_FORMAT = "dwarf-with-dsym";
				ENABLE_NS_ASSERTIONS = NO;
				ENABLE_STRICT_OBJC_MSGSEND = YES;
				GCC_C_LANGUAGE_STANDARD = gnu11;
				GCC_NO_COMMON_BLOCKS = YES;
				GCC_WARN_64_TO_32_BIT_CONVERSION = YES;
				GCC_WARN_ABOUT_RETURN_TYPE = YES_ERROR;
				GCC_WARN_UNDECLARED_SELECTOR = YES;
				GCC_WARN_UNINITIALIZED_AUTOS = YES_AGGRESSIVE;
				GCC_WARN_UNUSED_FUNCTION = YES;
				GCC_WARN_UNUSED_VARIABLE = YES;
				IPHONEOS_DEPLOYMENT_TARGET = 15.0;
				MTL_ENABLE_DEBUG_INFO = NO;
				MTL_FAST_MATH = YES;
				SDKROOT = iphoneos;
				SWIFT_COMPILATION_MODE = wholemodule;
				SWIFT_OPTIMIZATION_LEVEL = "-O";
				VALIDATE_PRODUCT = YES;
			};
			name = Release;
		};
		5ABC3200294C838900559B90 /* Debug */ = {
			isa = XCBuildConfiguration;
			buildSettings = {
				ASSETCATALOG_COMPILER_APPICON_NAME = AppIcon;
				ASSETCATALOG_COMPILER_GLOBAL_ACCENT_COLOR_NAME = AccentColor;
				CODE_SIGN_STYLE = Automatic;
				CURRENT_PROJECT_VERSION = 1;
				DEVELOPMENT_ASSET_PATHS = "\"SimpleChat/Preview Content\"";
				DEVELOPMENT_TEAM = 92PU6D6MCQ;
				ENABLE_PREVIEWS = YES;
				GENERATE_INFOPLIST_FILE = YES;
				INFOPLIST_FILE = SimpleChat/Info.plist;
				INFOPLIST_KEY_NSCameraUsageDescription = "Allow camera";
				INFOPLIST_KEY_NSMicrophoneUsageDescription = "Mic usege";
				INFOPLIST_KEY_NSPhotoLibraryUsageDescription = "Allow photo library";
				INFOPLIST_KEY_UIApplicationSceneManifest_Generation = YES;
				INFOPLIST_KEY_UIApplicationSupportsIndirectInputEvents = YES;
				INFOPLIST_KEY_UILaunchScreen_Generation = YES;
				INFOPLIST_KEY_UISupportedInterfaceOrientations = UIInterfaceOrientationPortrait;
				IPHONEOS_DEPLOYMENT_TARGET = 15.0;
				LD_RUNPATH_SEARCH_PATHS = (
					"$(inherited)",
					"@executable_path/Frameworks",
				);
				MARKETING_VERSION = 1.0;
				PRODUCT_BUNDLE_IDENTIFIER = com.bogdanZyk.SimpleChat;
				PRODUCT_NAME = "$(TARGET_NAME)";
				SUPPORTED_PLATFORMS = "iphoneos iphonesimulator";
				SUPPORTS_MACCATALYST = NO;
				SUPPORTS_MAC_DESIGNED_FOR_IPHONE_IPAD = NO;
				SWIFT_EMIT_LOC_STRINGS = YES;
				SWIFT_VERSION = 5.0;
				TARGETED_DEVICE_FAMILY = 1;
			};
			name = Debug;
		};
		5ABC3201294C838900559B90 /* Release */ = {
			isa = XCBuildConfiguration;
			buildSettings = {
				ASSETCATALOG_COMPILER_APPICON_NAME = AppIcon;
				ASSETCATALOG_COMPILER_GLOBAL_ACCENT_COLOR_NAME = AccentColor;
				CODE_SIGN_STYLE = Automatic;
				CURRENT_PROJECT_VERSION = 1;
				DEVELOPMENT_ASSET_PATHS = "\"SimpleChat/Preview Content\"";
				DEVELOPMENT_TEAM = 92PU6D6MCQ;
				ENABLE_PREVIEWS = YES;
				GENERATE_INFOPLIST_FILE = YES;
				INFOPLIST_FILE = SimpleChat/Info.plist;
				INFOPLIST_KEY_NSCameraUsageDescription = "Allow camera";
				INFOPLIST_KEY_NSMicrophoneUsageDescription = "Mic usege";
				INFOPLIST_KEY_NSPhotoLibraryUsageDescription = "Allow photo library";
				INFOPLIST_KEY_UIApplicationSceneManifest_Generation = YES;
				INFOPLIST_KEY_UIApplicationSupportsIndirectInputEvents = YES;
				INFOPLIST_KEY_UILaunchScreen_Generation = YES;
				INFOPLIST_KEY_UISupportedInterfaceOrientations = UIInterfaceOrientationPortrait;
				IPHONEOS_DEPLOYMENT_TARGET = 15.0;
				LD_RUNPATH_SEARCH_PATHS = (
					"$(inherited)",
					"@executable_path/Frameworks",
				);
				MARKETING_VERSION = 1.0;
				PRODUCT_BUNDLE_IDENTIFIER = com.bogdanZyk.SimpleChat;
				PRODUCT_NAME = "$(TARGET_NAME)";
				SUPPORTED_PLATFORMS = "iphoneos iphonesimulator";
				SUPPORTS_MACCATALYST = NO;
				SUPPORTS_MAC_DESIGNED_FOR_IPHONE_IPAD = NO;
				SWIFT_EMIT_LOC_STRINGS = YES;
				SWIFT_VERSION = 5.0;
				TARGETED_DEVICE_FAMILY = 1;
			};
			name = Release;
		};
/* End XCBuildConfiguration section */

/* Begin XCConfigurationList section */
		5ABC31EC294C838700559B90 /* Build configuration list for PBXProject "SimpleChat" */ = {
			isa = XCConfigurationList;
			buildConfigurations = (
				5ABC31FD294C838900559B90 /* Debug */,
				5ABC31FE294C838900559B90 /* Release */,
			);
			defaultConfigurationIsVisible = 0;
			defaultConfigurationName = Release;
		};
		5ABC31FF294C838900559B90 /* Build configuration list for PBXNativeTarget "SimpleChat" */ = {
			isa = XCConfigurationList;
			buildConfigurations = (
				5ABC3200294C838900559B90 /* Debug */,
				5ABC3201294C838900559B90 /* Release */,
			);
			defaultConfigurationIsVisible = 0;
			defaultConfigurationName = Release;
		};
/* End XCConfigurationList section */

/* Begin XCRemoteSwiftPackageReference section */
		5ACCEBCE2955AE7D00711DB6 /* XCRemoteSwiftPackageReference "VideoPlayer" */ = {
			isa = XCRemoteSwiftPackageReference;
			repositoryURL = "https://github.com/wxxsw/VideoPlayer";
			requirement = {
				kind = upToNextMajorVersion;
				minimumVersion = 1.0.0;
			};
		};
/* End XCRemoteSwiftPackageReference section */

/* Begin XCSwiftPackageProductDependency section */
		5ACCEBCF2955AE7D00711DB6 /* VideoPlayer */ = {
			isa = XCSwiftPackageProductDependency;
			package = 5ACCEBCE2955AE7D00711DB6 /* XCRemoteSwiftPackageReference "VideoPlayer" */;
			productName = VideoPlayer;
		};
/* End XCSwiftPackageProductDependency section */
	};
	rootObject = 5ABC31E9294C838700559B90 /* Project object */;
}
